
Microsoft Visual Studio Solution File, Format Version 12.00
Project("{FAE04EC0-301F-11D3-BF4B-00C04F79EFBC}") = "Blog", "Blog\Blog.csproj", "{9BC4A0B5-7F90-465B-8D70-BBAF403E1F11}"
EndProject
Project("{FAE04EC0-301F-11D3-BF4B-00C04F79EFBC}") = "DataAccessLayer", "DataAccessLayer\DataAccessLayer.csproj", "{3AAB23EC-918A-4461-8378-0F509D8B4105}"
EndProject
Project("{FAE04EC0-301F-11D3-BF4B-00C04F79EFBC}") = "Entities", "Entities\Entities.csproj", "{6AD43ECE-F424-412B-B939-A0479E1C7C0D}"
EndProject
Project("{FAE04EC0-301F-11D3-BF4B-00C04F79EFBC}") = "IDataAccessLayer", "IDataAccessLayer\IDataAccessLayer.csproj", "{197374A0-3647-48FB-B373-320A52CB033E}"
EndProject
Project("{2150E333-8FDC-42A3-9474-1A3956D46DE8}") = "DAL", "DAL", "{6C167498-106A-4369-9929-064220DBB9BE}"
EndProject
Project("{2150E333-8FDC-42A3-9474-1A3956D46DE8}") = "Entities", "Entities", "{FC368584-99DF-4F02-BC33-210777A85DD5}"
EndProject
Project("{2150E333-8FDC-42A3-9474-1A3956D46DE8}") = "BLL", "BLL", "{2EFD7212-9BA6-49AC-BCDE-7425327431C9}"
EndProject
Project("{FAE04EC0-301F-11D3-BF4B-00C04F79EFBC}") = "IBusinessLogicLayer", "IBusinessLogicLayer\IBusinessLogicLayer.csproj", "{6F1B3AC9-E676-4590-BEF8-6C9E3CB6CDDE}"
EndProject
Project("{FAE04EC0-301F-11D3-BF4B-00C04F79EFBC}") = "BusinessLogicLayer", "BusinessLogicLayer\BusinessLogicLayer.csproj", "{C38EF3DE-4910-40B8-8C87-F9F7FCE2EB12}"
EndProject
Project("{2150E333-8FDC-42A3-9474-1A3956D46DE8}") = "PL", "PL", "{A95CD519-201B-4C5E-8065-C2E051883A02}"
EndProject
Global
	GlobalSection(SolutionConfigurationPlatforms) = preSolution
		Debug|Any CPU = Debug|Any CPU
		Release|Any CPU = Release|Any CPU
	EndGlobalSection
	GlobalSection(ProjectConfigurationPlatforms) = postSolution
		{9BC4A0B5-7F90-465B-8D70-BBAF403E1F11}.Debug|Any CPU.ActiveCfg = Debug|Any CPU
		{9BC4A0B5-7F90-465B-8D70-BBAF403E1F11}.Debug|Any CPU.Build.0 = Debug|Any CPU
		{9BC4A0B5-7F90-465B-8D70-BBAF403E1F11}.Release|Any CPU.ActiveCfg = Release|Any CPU
		{9BC4A0B5-7F90-465B-8D70-BBAF403E1F11}.Release|Any CPU.Build.0 = Release|Any CPU
		{3AAB23EC-918A-4461-8378-0F509D8B4105}.Debug|Any CPU.ActiveCfg = Debug|Any CPU
		{3AAB23EC-918A-4461-8378-0F509D8B4105}.Debug|Any CPU.Build.0 = Debug|Any CPU
		{3AAB23EC-918A-4461-8378-0F509D8B4105}.Release|Any CPU.ActiveCfg = Release|Any CPU
		{3AAB23EC-918A-4461-8378-0F509D8B4105}.Release|Any CPU.Build.0 = Release|Any CPU
		{6AD43ECE-F424-412B-B939-A0479E1C7C0D}.Debug|Any CPU.ActiveCfg = Debug|Any CPU
		{6AD43ECE-F424-412B-B939-A0479E1C7C0D}.Debug|Any CPU.Build.0 = Debug|Any CPU
		{6AD43ECE-F424-412B-B939-A0479E1C7C0D}.Release|Any CPU.ActiveCfg = Release|Any CPU
		{6AD43ECE-F424-412B-B939-A0479E1C7C0D}.Release|Any CPU.Build.0 = Release|Any CPU
		{197374A0-3647-48FB-B373-320A52CB033E}.Debug|Any CPU.ActiveCfg = Debug|Any CPU
		{197374A0-3647-48FB-B373-320A52CB033E}.Debug|Any CPU.Build.0 = Debug|Any CPU
		{197374A0-3647-48FB-B373-320A52CB033E}.Release|Any CPU.ActiveCfg = Release|Any CPU
		{197374A0-3647-48FB-B373-320A52CB033E}.Release|Any CPU.Build.0 = Release|Any CPU
		{6F1B3AC9-E676-4590-BEF8-6C9E3CB6CDDE}.Debug|Any CPU.ActiveCfg = Debug|Any CPU
		{6F1B3AC9-E676-4590-BEF8-6C9E3CB6CDDE}.Debug|Any CPU.Build.0 = Debug|Any CPU
		{6F1B3AC9-E676-4590-BEF8-6C9E3CB6CDDE}.Release|Any CPU.ActiveCfg = Release|Any CPU
		{6F1B3AC9-E676-4590-BEF8-6C9E3CB6CDDE}.Release|Any CPU.Build.0 = Release|Any CPU
		{C38EF3DE-4910-40B8-8C87-F9F7FCE2EB12}.Debug|Any CPU.ActiveCfg = Debug|Any CPU
		{C38EF3DE-4910-40B8-8C87-F9F7FCE2EB12}.Debug|Any CPU.Build.0 = Debug|Any CPU
		{C38EF3DE-4910-40B8-8C87-F9F7FCE2EB12}.Release|Any CPU.ActiveCfg = Release|Any CPU
		{C38EF3DE-4910-40B8-8C87-F9F7FCE2EB12}.Release|Any CPU.Build.0 = Release|Any CPU
	EndGlobalSection
	GlobalSection(NestedProjects) = preSolution
		{3AAB23EC-918A-4461-8378-0F509D8B4105} = {6C167498-106A-4369-9929-064220DBB9BE}
		{197374A0-3647-48FB-B373-320A52CB033E} = {6C167498-106A-4369-9929-064220DBB9BE}
		{6AD43ECE-F424-412B-B939-A0479E1C7C0D} = {FC368584-99DF-4F02-BC33-210777A85DD5}
		{6F1B3AC9-E676-4590-BEF8-6C9E3CB6CDDE} = {2EFD7212-9BA6-49AC-BCDE-7425327431C9}
		{C38EF3DE-4910-40B8-8C87-F9F7FCE2EB12} = {2EFD7212-9BA6-49AC-BCDE-7425327431C9}
		{9BC4A0B5-7F90-465B-8D70-BBAF403E1F11} = {A95CD519-201B-4C5E-8065-C2E051883A02}
	EndGlobalSection
EndGlobal
